// !$*UTF8*$!
{
	archiveVersion = 1;
	classes = {
	};
	objectVersion = 46;
	objects = {

/* Begin PBXBuildFile section */
		090A2FEA02590855390E12FF63C33763 /* NSLogDriver.swift in Sources */ = {isa = PBXBuildFile; fileRef = DE99C05D7C2C745020379635CCA29A99 /* NSLogDriver.swift */; };
		319AA6B6ACD37DAD038F6A5B4647F680 /* LogDetails.swift in Sources */ = {isa = PBXBuildFile; fileRef = 1C9D1F8600757EE9786C4D9F3CC19CE0 /* LogDetails.swift */; };
		3CBD22F6DC75A84054A167658FD836EE /* LogDriverProtocol.swift in Sources */ = {isa = PBXBuildFile; fileRef = B0B2E68344A30C1B4685E7AC5D4A908F /* LogDriverProtocol.swift */; };
		4579D122550EF591B03EFB5B1EE0ACA2 /* LoggerTests.swift in Sources */ = {isa = PBXBuildFile; fileRef = 866C963A86F9E139EEA8A7FC7C2A015C /* LoggerTests.swift */; };
		469067F258D0534077E19BAB8E2C43B9 /* Logger.swift in Sources */ = {isa = PBXBuildFile; fileRef = DFF7F2CCD730B47FB736E03B7C2A051C /* Logger.swift */; };
		5B11A82C30C7A176F6E68FF6B922B5C9 /* LogLevel.swift in Sources */ = {isa = PBXBuildFile; fileRef = 852B535C1BAA97AA8986B6306E5EAD94 /* LogLevel.swift */; };
		875065D736EB5AF2EB78EF2194CD5A4F /* SudoLogging.podspec in Resources */ = {isa = PBXBuildFile; fileRef = 4C6985E6C60F90CDF21001A155720907 /* SudoLogging.podspec */; };
		C1B1F0E21457C2D6EB5E21DD84117AD5 /* Logging.swift in Sources */ = {isa = PBXBuildFile; fileRef = 6223D2832E68043359E78F337D04672D /* Logging.swift */; };
		C27A70ECA901053B1EBAE7CA474790D2 /* LogLevelTests.swift in Sources */ = {isa = PBXBuildFile; fileRef = 418368F8227AA5B5DB7B39A1505AE584 /* LogLevelTests.swift */; };
		F6AC952B51F41252AC253C9D17C2B028 /* LogDriverSpy.swift in Sources */ = {isa = PBXBuildFile; fileRef = 8CD4ED6B93EA49002805868E461C6999 /* LogDriverSpy.swift */; };
		F98A539CA81D4110D1F092C15D092120 /* SudoLogging.framework in Frameworks */ = {isa = PBXBuildFile; fileRef = 353EDDFFE489F044C0E959B6418EAE6A /* SudoLogging.framework */; };
/* End PBXBuildFile section */

/* Begin PBXContainerItemProxy section */
		2D75418315EACB54896505A017A4DB47 /* PBXContainerItemProxy */ = {
			isa = PBXContainerItemProxy;
			containerPortal = B2E0C0259C923902ECB94455842D22A1 /* Project object */;
			proxyType = 1;
			remoteGlobalIDString = CAB872AD8A5662B7E055494D8EF584A1;
			remoteInfo = SudoLogging;
		};
/* End PBXContainerItemProxy section */

/* Begin PBXFileReference section */
		1C9D1F8600757EE9786C4D9F3CC19CE0 /* LogDetails.swift */ = {isa = PBXFileReference; lastKnownFileType = sourcecode.swift; path = LogDetails.swift; sourceTree = "<group>"; };
		353EDDFFE489F044C0E959B6418EAE6A /* SudoLogging.framework */ = {isa = PBXFileReference; explicitFileType = wrapper.framework; includeInIndex = 0; path = SudoLogging.framework; sourceTree = BUILT_PRODUCTS_DIR; };
		418368F8227AA5B5DB7B39A1505AE584 /* LogLevelTests.swift */ = {isa = PBXFileReference; lastKnownFileType = sourcecode.swift; path = LogLevelTests.swift; sourceTree = "<group>"; };
		4C6985E6C60F90CDF21001A155720907 /* SudoLogging.podspec */ = {isa = PBXFileReference; explicitFileType = text.script.ruby; fileEncoding = 4; path = SudoLogging.podspec; sourceTree = "<group>"; };
		4F9B5A81B2E8A1EE9FBF461B3FEC0C70 /* SudoLoggingTests.xctest */ = {isa = PBXFileReference; explicitFileType = wrapper.cfbundle; includeInIndex = 0; path = SudoLoggingTests.xctest; sourceTree = BUILT_PRODUCTS_DIR; };
		6223D2832E68043359E78F337D04672D /* Logging.swift */ = {isa = PBXFileReference; lastKnownFileType = sourcecode.swift; path = Logging.swift; sourceTree = "<group>"; };
		852B535C1BAA97AA8986B6306E5EAD94 /* LogLevel.swift */ = {isa = PBXFileReference; lastKnownFileType = sourcecode.swift; path = LogLevel.swift; sourceTree = "<group>"; };
		866C963A86F9E139EEA8A7FC7C2A015C /* LoggerTests.swift */ = {isa = PBXFileReference; lastKnownFileType = sourcecode.swift; path = LoggerTests.swift; sourceTree = "<group>"; };
		8CD4ED6B93EA49002805868E461C6999 /* LogDriverSpy.swift */ = {isa = PBXFileReference; lastKnownFileType = sourcecode.swift; path = LogDriverSpy.swift; sourceTree = "<group>"; };
		A75D4F927C281741EE2D8CF8DCB837D1 /* Info.plist */ = {isa = PBXFileReference; lastKnownFileType = text.plist.xml; path = Info.plist; sourceTree = "<group>"; };
		B0B2E68344A30C1B4685E7AC5D4A908F /* LogDriverProtocol.swift */ = {isa = PBXFileReference; lastKnownFileType = sourcecode.swift; path = LogDriverProtocol.swift; sourceTree = "<group>"; };
		D80DE3FCE09EC7E3FE4A5FF24D1E5CDB /* Info.plist */ = {isa = PBXFileReference; lastKnownFileType = text.plist.xml; path = Info.plist; sourceTree = "<group>"; };
		DE99C05D7C2C745020379635CCA29A99 /* NSLogDriver.swift */ = {isa = PBXFileReference; lastKnownFileType = sourcecode.swift; path = NSLogDriver.swift; sourceTree = "<group>"; };
		DFF7F2CCD730B47FB736E03B7C2A051C /* Logger.swift */ = {isa = PBXFileReference; fileEncoding = 4; lastKnownFileType = sourcecode.swift; path = Logger.swift; sourceTree = "<group>"; };
/* End PBXFileReference section */

/* Begin PBXFrameworksBuildPhase section */
		8F4F32F36E2229601DDAF463A9FAFFCE /* Frameworks */ = {
			isa = PBXFrameworksBuildPhase;
			buildActionMask = 2147483647;
			files = (
				F98A539CA81D4110D1F092C15D092120 /* SudoLogging.framework in Frameworks */,
			);
			runOnlyForDeploymentPostprocessing = 0;
		};
		EE04B48728EAD547C2ED507DE3289A39 /* Frameworks */ = {
			isa = PBXFrameworksBuildPhase;
			buildActionMask = 2147483647;
			files = (
			);
			runOnlyForDeploymentPostprocessing = 0;
		};
/* End PBXFrameworksBuildPhase section */

/* Begin PBXGroup section */
		189B2DDF10DEF619FD565E15DD6093A1 /* Spies */ = {
			isa = PBXGroup;
			children = (
				8CD4ED6B93EA49002805868E461C6999 /* LogDriverSpy.swift */,
			);
			path = Spies;
			sourceTree = "<group>";
		};
		1D71D0DAB08A2426ACF2BEB107DA000C /* Entities */ = {
			isa = PBXGroup;
			children = (
				1C9D1F8600757EE9786C4D9F3CC19CE0 /* LogDetails.swift */,
			);
			path = Entities;
			sourceTree = "<group>";
		};
		2BD54F34132877690612086A38C41EDC /* Public */ = {
			isa = PBXGroup;
			children = (
				33480C6333D7260D51BAFC72D0F7981B /* Concretes */,
				1D71D0DAB08A2426ACF2BEB107DA000C /* Entities */,
				AF236EB5D32DA955D318100390B461ED /* Enums */,
				8D69EE264BA417341E4FDAD0D8BDBDBA /* Protocols */,
				DFF7F2CCD730B47FB736E03B7C2A051C /* Logger.swift */,
			);
			path = Public;
			sourceTree = "<group>";
		};
		33480C6333D7260D51BAFC72D0F7981B /* Concretes */ = {
			isa = PBXGroup;
			children = (
				DE99C05D7C2C745020379635CCA29A99 /* NSLogDriver.swift */,
			);
			path = Concretes;
			sourceTree = "<group>";
		};
		4468E3B83F8EF1047942AFAF09D8DCC6 /* SudoLoggingTests */ = {
			isa = PBXGroup;
			children = (
				189B2DDF10DEF619FD565E15DD6093A1 /* Spies */,
				D80DE3FCE09EC7E3FE4A5FF24D1E5CDB /* Info.plist */,
				418368F8227AA5B5DB7B39A1505AE584 /* LogLevelTests.swift */,
				866C963A86F9E139EEA8A7FC7C2A015C /* LoggerTests.swift */,
			);
			path = SudoLoggingTests;
			sourceTree = "<group>";
		};
		4F42D0DCAE870C75AD39F6C8AA75B3C9 /* SudoLogging */ = {
			isa = PBXGroup;
			children = (
				B88B0BA9D0D40D5216A9CEA89E40CFD6 /* Sources */,
				A75D4F927C281741EE2D8CF8DCB837D1 /* Info.plist */,
			);
			path = SudoLogging;
			sourceTree = "<group>";
		};
		7107B637DC78BE621969A47956D14E6C = {
			isa = PBXGroup;
			children = (
				F32B0969B0D7A0600BDE74FC87D848D6 /* Products */,
				4F42D0DCAE870C75AD39F6C8AA75B3C9 /* SudoLogging */,
				4468E3B83F8EF1047942AFAF09D8DCC6 /* SudoLoggingTests */,
				4C6985E6C60F90CDF21001A155720907 /* SudoLogging.podspec */,
			);
			sourceTree = "<group>";
		};
		8D69EE264BA417341E4FDAD0D8BDBDBA /* Protocols */ = {
			isa = PBXGroup;
			children = (
				B0B2E68344A30C1B4685E7AC5D4A908F /* LogDriverProtocol.swift */,
				6223D2832E68043359E78F337D04672D /* Logging.swift */,
			);
			path = Protocols;
			sourceTree = "<group>";
		};
		AF236EB5D32DA955D318100390B461ED /* Enums */ = {
			isa = PBXGroup;
			children = (
				852B535C1BAA97AA8986B6306E5EAD94 /* LogLevel.swift */,
			);
			path = Enums;
			sourceTree = "<group>";
		};
		B88B0BA9D0D40D5216A9CEA89E40CFD6 /* Sources */ = {
			isa = PBXGroup;
			children = (
				F6F02321E9380E3BAFEDE308663817E7 /* Internal */,
				2BD54F34132877690612086A38C41EDC /* Public */,
			);
			path = Sources;
			sourceTree = "<group>";
		};
		F32B0969B0D7A0600BDE74FC87D848D6 /* Products */ = {
			isa = PBXGroup;
			children = (
				353EDDFFE489F044C0E959B6418EAE6A /* SudoLogging.framework */,
				4F9B5A81B2E8A1EE9FBF461B3FEC0C70 /* SudoLoggingTests.xctest */,
			);
			name = Products;
			sourceTree = "<group>";
		};
		F6F02321E9380E3BAFEDE308663817E7 /* Internal */ = {
			isa = PBXGroup;
			children = (
			);
			path = Internal;
			sourceTree = "<group>";
		};
/* End PBXGroup section */

/* Begin PBXHeadersBuildPhase section */
		337C73050C140E24D3C2FCE7662CBBA1 /* Headers */ = {
			isa = PBXHeadersBuildPhase;
			buildActionMask = 2147483647;
			files = (
			);
			runOnlyForDeploymentPostprocessing = 0;
		};
/* End PBXHeadersBuildPhase section */

/* Begin PBXNativeTarget section */
		93686BC9771AD9E7C55D41E8974F2F8E /* SudoLoggingTests */ = {
			isa = PBXNativeTarget;
			buildConfigurationList = C81526C69EF155BA4101ADC9A35F0AD5 /* Build configuration list for PBXNativeTarget "SudoLoggingTests" */;
			buildPhases = (
				83A71054B18487546105B620D6CCF135 /* Sources */,
				8F4F32F36E2229601DDAF463A9FAFFCE /* Frameworks */,
				2F5C49511A065857A2258678C6BCA5AA /* Resources */,
			);
			buildRules = (
			);
			dependencies = (
				E095C45A16A791BBFEAB097C75F46346 /* PBXTargetDependency */,
			);
			name = SudoLoggingTests;
			productName = SudoLoggingTests;
			productReference = 4F9B5A81B2E8A1EE9FBF461B3FEC0C70 /* SudoLoggingTests.xctest */;
			productType = "com.apple.product-type.bundle.unit-test";
		};
		CAB872AD8A5662B7E055494D8EF584A1 /* SudoLogging */ = {
			isa = PBXNativeTarget;
			buildConfigurationList = 68F02F4C3B6E513ABB7FFFD0BA09E84C /* Build configuration list for PBXNativeTarget "SudoLogging" */;
			buildPhases = (
				0320D412BAC56EACBD8FB16CFA67AE22 /* Sources */,
				EE04B48728EAD547C2ED507DE3289A39 /* Frameworks */,
				337C73050C140E24D3C2FCE7662CBBA1 /* Headers */,
				BF055599B5CE6E180EC0CBB7FB8F5639 /* Resources */,
			);
			buildRules = (
			);
			dependencies = (
			);
			name = SudoLogging;
			productName = SudoLogging;
			productReference = 353EDDFFE489F044C0E959B6418EAE6A /* SudoLogging.framework */;
			productType = "com.apple.product-type.framework";
		};
/* End PBXNativeTarget section */

/* Begin PBXProject section */
		B2E0C0259C923902ECB94455842D22A1 /* Project object */ = {
			isa = PBXProject;
			attributes = {
				LastSwiftUpdateCheck = 0820;
				LastUpgradeCheck = 1020;
				ORGANIZATIONNAME = "Anonyome Labs, Inc";
				TargetAttributes = {
					93686BC9771AD9E7C55D41E8974F2F8E = {
						CreatedOnToolsVersion = 8.2.1;
						DevelopmentTeam = UU2W43R8JA;
						LastSwiftMigration = 1020;
						ProvisioningStyle = Automatic;
					};
					CAB872AD8A5662B7E055494D8EF584A1 = {
						CreatedOnToolsVersion = 8.2.1;
						DevelopmentTeam = UU2W43R8JA;
						LastSwiftMigration = 1020;
						ProvisioningStyle = Automatic;
					};
				};
			};
			buildConfigurationList = E583E68884F17D18205BE77002398158 /* Build configuration list for PBXProject "SudoLogging" */;
			compatibilityVersion = "Xcode 3.2";
			developmentRegion = English;
			hasScannedForEncodings = 0;
			knownRegions = (
				English,
				en,
			);
			mainGroup = 7107B637DC78BE621969A47956D14E6C;
			productRefGroup = F32B0969B0D7A0600BDE74FC87D848D6 /* Products */;
			projectDirPath = "";
			projectRoot = "";
			targets = (
				CAB872AD8A5662B7E055494D8EF584A1 /* SudoLogging */,
				93686BC9771AD9E7C55D41E8974F2F8E /* SudoLoggingTests */,
			);
		};
/* End PBXProject section */

/* Begin PBXResourcesBuildPhase section */
		2F5C49511A065857A2258678C6BCA5AA /* Resources */ = {
			isa = PBXResourcesBuildPhase;
			buildActionMask = 2147483647;
			files = (
			);
			runOnlyForDeploymentPostprocessing = 0;
		};
		BF055599B5CE6E180EC0CBB7FB8F5639 /* Resources */ = {
			isa = PBXResourcesBuildPhase;
			buildActionMask = 2147483647;
			files = (
				875065D736EB5AF2EB78EF2194CD5A4F /* SudoLogging.podspec in Resources */,
			);
			runOnlyForDeploymentPostprocessing = 0;
		};
/* End PBXResourcesBuildPhase section */

/* Begin PBXSourcesBuildPhase section */
		0320D412BAC56EACBD8FB16CFA67AE22 /* Sources */ = {
			isa = PBXSourcesBuildPhase;
			buildActionMask = 2147483647;
			files = (
				319AA6B6ACD37DAD038F6A5B4647F680 /* LogDetails.swift in Sources */,
				3CBD22F6DC75A84054A167658FD836EE /* LogDriverProtocol.swift in Sources */,
				5B11A82C30C7A176F6E68FF6B922B5C9 /* LogLevel.swift in Sources */,
				469067F258D0534077E19BAB8E2C43B9 /* Logger.swift in Sources */,
				C1B1F0E21457C2D6EB5E21DD84117AD5 /* Logging.swift in Sources */,
				090A2FEA02590855390E12FF63C33763 /* NSLogDriver.swift in Sources */,
			);
			runOnlyForDeploymentPostprocessing = 0;
		};
		83A71054B18487546105B620D6CCF135 /* Sources */ = {
			isa = PBXSourcesBuildPhase;
			buildActionMask = 2147483647;
			files = (
				F6AC952B51F41252AC253C9D17C2B028 /* LogDriverSpy.swift in Sources */,
				C27A70ECA901053B1EBAE7CA474790D2 /* LogLevelTests.swift in Sources */,
				4579D122550EF591B03EFB5B1EE0ACA2 /* LoggerTests.swift in Sources */,
			);
			runOnlyForDeploymentPostprocessing = 0;
		};
/* End PBXSourcesBuildPhase section */

/* Begin PBXTargetDependency section */
		E095C45A16A791BBFEAB097C75F46346 /* PBXTargetDependency */ = {
			isa = PBXTargetDependency;
			target = CAB872AD8A5662B7E055494D8EF584A1 /* SudoLogging */;
			targetProxy = 2D75418315EACB54896505A017A4DB47 /* PBXContainerItemProxy */;
		};
/* End PBXTargetDependency section */

/* Begin XCBuildConfiguration section */
		3857AC4E9AEADDDE075717A96BA6F9DA /* Release */ = {
			isa = XCBuildConfiguration;
			buildSettings = {
				ALWAYS_SEARCH_USER_PATHS = NO;
				CLANG_ANALYZER_LOCALIZABILITY_NONLOCALIZED = YES;
				CLANG_ANALYZER_NONNULL = YES;
				CLANG_CXX_LANGUAGE_STANDARD = "gnu++0x";
				CLANG_CXX_LIBRARY = "libc++";
				CLANG_ENABLE_MODULES = YES;
				CLANG_ENABLE_OBJC_ARC = YES;
				CLANG_WARN_BLOCK_CAPTURE_AUTORELEASING = YES;
				CLANG_WARN_BOOL_CONVERSION = YES;
				CLANG_WARN_COMMA = YES;
				CLANG_WARN_CONSTANT_CONVERSION = YES;
				CLANG_WARN_DEPRECATED_OBJC_IMPLEMENTATIONS = YES;
				CLANG_WARN_DIRECT_OBJC_ISA_USAGE = YES_ERROR;
				CLANG_WARN_DOCUMENTATION_COMMENTS = YES;
				CLANG_WARN_EMPTY_BODY = YES;
				CLANG_WARN_ENUM_CONVERSION = YES;
				CLANG_WARN_INFINITE_RECURSION = YES;
				CLANG_WARN_INT_CONVERSION = YES;
				CLANG_WARN_NON_LITERAL_NULL_CONVERSION = YES;
				CLANG_WARN_OBJC_IMPLICIT_RETAIN_SELF = YES;
				CLANG_WARN_OBJC_LITERAL_CONVERSION = YES;
				CLANG_WARN_OBJC_ROOT_CLASS = YES_ERROR;
				CLANG_WARN_RANGE_LOOP_ANALYSIS = YES;
				CLANG_WARN_STRICT_PROTOTYPES = YES;
				CLANG_WARN_SUSPICIOUS_MOVE = YES;
				CLANG_WARN_UNREACHABLE_CODE = YES;
				CLANG_WARN__DUPLICATE_METHOD_MATCH = YES;
				"CODE_SIGN_IDENTITY[sdk=iphoneos*]" = "iPhone Developer";
				COPY_PHASE_STRIP = NO;
				CURRENT_PROJECT_VERSION = 1;
				DEBUG_INFORMATION_FORMAT = "dwarf-with-dsym";
				ENABLE_NS_ASSERTIONS = NO;
				ENABLE_STRICT_OBJC_MSGSEND = YES;
				GCC_C_LANGUAGE_STANDARD = gnu99;
				GCC_NO_COMMON_BLOCKS = YES;
				GCC_WARN_64_TO_32_BIT_CONVERSION = YES;
				GCC_WARN_ABOUT_RETURN_TYPE = YES_ERROR;
				GCC_WARN_UNDECLARED_SELECTOR = YES;
				GCC_WARN_UNINITIALIZED_AUTOS = YES_AGGRESSIVE;
				GCC_WARN_UNUSED_FUNCTION = YES;
				GCC_WARN_UNUSED_VARIABLE = YES;
				IPHONEOS_DEPLOYMENT_TARGET = 10.2;
				MTL_ENABLE_DEBUG_INFO = NO;
				SDKROOT = macosx;
				SUPPORTED_PLATFORMS = "macosx iphoneos iphonesimulator";
				SWIFT_OPTIMIZATION_LEVEL = "-Owholemodule";
				SWIFT_VERSION = 4.2;
				TARGETED_DEVICE_FAMILY = "1,2";
				VALIDATE_PRODUCT = YES;
				VALID_ARCHS = "arm64 armv7 armv7s i386 x86_64";
				VERSIONING_SYSTEM = "apple-generic";
				VERSION_INFO_PREFIX = "";
			};
			name = Release;
		};
		D2E12CA36F4E3BC9386EB664B205063A /* Debug */ = {
			isa = XCBuildConfiguration;
			buildSettings = {
				ALWAYS_SEARCH_USER_PATHS = NO;
				CLANG_ANALYZER_LOCALIZABILITY_NONLOCALIZED = YES;
				CLANG_ANALYZER_NONNULL = YES;
				CLANG_CXX_LANGUAGE_STANDARD = "gnu++0x";
				CLANG_CXX_LIBRARY = "libc++";
				CLANG_ENABLE_MODULES = YES;
				CLANG_ENABLE_OBJC_ARC = YES;
				CLANG_WARN_BLOCK_CAPTURE_AUTORELEASING = YES;
				CLANG_WARN_BOOL_CONVERSION = YES;
				CLANG_WARN_COMMA = YES;
				CLANG_WARN_CONSTANT_CONVERSION = YES;
				CLANG_WARN_DEPRECATED_OBJC_IMPLEMENTATIONS = YES;
				CLANG_WARN_DIRECT_OBJC_ISA_USAGE = YES_ERROR;
				CLANG_WARN_DOCUMENTATION_COMMENTS = YES;
				CLANG_WARN_EMPTY_BODY = YES;
				CLANG_WARN_ENUM_CONVERSION = YES;
				CLANG_WARN_INFINITE_RECURSION = YES;
				CLANG_WARN_INT_CONVERSION = YES;
				CLANG_WARN_NON_LITERAL_NULL_CONVERSION = YES;
				CLANG_WARN_OBJC_IMPLICIT_RETAIN_SELF = YES;
				CLANG_WARN_OBJC_LITERAL_CONVERSION = YES;
				CLANG_WARN_OBJC_ROOT_CLASS = YES_ERROR;
				CLANG_WARN_RANGE_LOOP_ANALYSIS = YES;
				CLANG_WARN_STRICT_PROTOTYPES = YES;
				CLANG_WARN_SUSPICIOUS_MOVE = YES;
				CLANG_WARN_UNREACHABLE_CODE = YES;
				CLANG_WARN__DUPLICATE_METHOD_MATCH = YES;
				"CODE_SIGN_IDENTITY[sdk=iphoneos*]" = "iPhone Developer";
				COPY_PHASE_STRIP = NO;
				CURRENT_PROJECT_VERSION = 1;
				DEBUG_INFORMATION_FORMAT = dwarf;
				ENABLE_STRICT_OBJC_MSGSEND = YES;
				ENABLE_TESTABILITY = YES;
				GCC_C_LANGUAGE_STANDARD = gnu99;
				GCC_DYNAMIC_NO_PIC = NO;
				GCC_NO_COMMON_BLOCKS = YES;
				GCC_OPTIMIZATION_LEVEL = 0;
				GCC_PREPROCESSOR_DEFINITIONS = (
					"DEBUG=1",
					"$(inherited)",
				);
				GCC_WARN_64_TO_32_BIT_CONVERSION = YES;
				GCC_WARN_ABOUT_RETURN_TYPE = YES_ERROR;
				GCC_WARN_UNDECLARED_SELECTOR = YES;
				GCC_WARN_UNINITIALIZED_AUTOS = YES_AGGRESSIVE;
				GCC_WARN_UNUSED_FUNCTION = YES;
				GCC_WARN_UNUSED_VARIABLE = YES;
				IPHONEOS_DEPLOYMENT_TARGET = 10.2;
				MTL_ENABLE_DEBUG_INFO = YES;
				ONLY_ACTIVE_ARCH = YES;
				SDKROOT = macosx;
				SUPPORTED_PLATFORMS = "macosx iphoneos iphonesimulator";
				SWIFT_ACTIVE_COMPILATION_CONDITIONS = DEBUG;
				SWIFT_OPTIMIZATION_LEVEL = "-Onone";
				SWIFT_VERSION = 4.2;
				TARGETED_DEVICE_FAMILY = "1,2";
				VALID_ARCHS = "arm64 armv7 armv7s i386 x86_64";
				VERSIONING_SYSTEM = "apple-generic";
				VERSION_INFO_PREFIX = "";
			};
			name = Debug;
		};
		E96B865E83BA79A06E2845097D00D283 /* Release */ = {
			isa = XCBuildConfiguration;
			buildSettings = {
				CLANG_ENABLE_MODULES = YES;
				CODE_SIGN_IDENTITY = "";
				DEFINES_MODULE = YES;
				DEVELOPMENT_TEAM = UU2W43R8JA;
				DYLIB_COMPATIBILITY_VERSION = 1;
				DYLIB_CURRENT_VERSION = 1;
				DYLIB_INSTALL_NAME_BASE = "@rpath";
				INFOPLIST_FILE = SudoLogging/Info.plist;
				INSTALL_PATH = "$(LOCAL_LIBRARY_DIR)/Frameworks";
				LD_RUNPATH_SEARCH_PATHS = "$(inherited) @executable_path/Frameworks @loader_path/Frameworks";
				PRODUCT_BUNDLE_IDENTIFIER = com.sudoplatform.SudoLogging;
				PRODUCT_NAME = "$(TARGET_NAME)";
				SDKROOT = macosx;
				SKIP_INSTALL = YES;
				SWIFT_VERSION = 5.0;
			};
			name = Release;
		};
		F3F5F332B7467D8A0E13EAB3B26B8233 /* Debug */ = {
			isa = XCBuildConfiguration;
			buildSettings = {
				DEVELOPMENT_TEAM = UU2W43R8JA;
				FRAMEWORK_SEARCH_PATHS = (
					"$(SDKROOT)",
					"$(inherited)",
				);
				INFOPLIST_FILE = SudoLoggingTests/Info.plist;
				LD_RUNPATH_SEARCH_PATHS = "$(inherited) @executable_path/Frameworks @loader_path/Frameworks $(inherited) @executable_path/Frameworks @loader_path/Frameworks @executable_path/../Frameworks @loader_path/../Frameworks";
				PRODUCT_BUNDLE_IDENTIFIER = com.sudoplatform.SudoLoggingTests;
				PRODUCT_NAME = "$(TARGET_NAME)";
				SWIFT_VERSION = 5.0;
			};
			name = Debug;
		};
		F7455834810A8120AA76D7B0187A26E6 /* Debug */ = {
			isa = XCBuildConfiguration;
			buildSettings = {
				CLANG_ENABLE_MODULES = YES;
				CODE_SIGN_IDENTITY = "";
				DEFINES_MODULE = YES;
				DEVELOPMENT_TEAM = UU2W43R8JA;
				DYLIB_COMPATIBILITY_VERSION = 1;
				DYLIB_CURRENT_VERSION = 1;
				DYLIB_INSTALL_NAME_BASE = "@rpath";
				INFOPLIST_FILE = SudoLogging/Info.plist;
				INSTALL_PATH = "$(LOCAL_LIBRARY_DIR)/Frameworks";
				LD_RUNPATH_SEARCH_PATHS = "$(inherited) @executable_path/Frameworks @loader_path/Frameworks";
				PRODUCT_BUNDLE_IDENTIFIER = com.sudoplatform.SudoLogging;
				PRODUCT_NAME = "$(TARGET_NAME)";
				SDKROOT = macosx;
				SKIP_INSTALL = YES;
				SWIFT_OPTIMIZATION_LEVEL = "-Onone";
				SWIFT_VERSION = 5.0;
			};
			name = Debug;
		};
		F83A1EA16174346FE4037BD3960B914A /* Release */ = {
			isa = XCBuildConfiguration;
			buildSettings = {
				DEVELOPMENT_TEAM = UU2W43R8JA;
				FRAMEWORK_SEARCH_PATHS = (
					"$(SDKROOT)",
					"$(inherited)",
				);
				INFOPLIST_FILE = SudoLoggingTests/Info.plist;
				LD_RUNPATH_SEARCH_PATHS = "$(inherited) @executable_path/Frameworks @loader_path/Frameworks $(inherited) @executable_path/Frameworks @loader_path/Frameworks @executable_path/../Frameworks @loader_path/../Frameworks";
				PRODUCT_BUNDLE_IDENTIFIER = com.sudoplatform.SudoLoggingTests;
				PRODUCT_NAME = "$(TARGET_NAME)";
				SWIFT_VERSION = 5.0;
			};
			name = Release;
		};
/* End XCBuildConfiguration section */

/* Begin XCConfigurationList section */
		68F02F4C3B6E513ABB7FFFD0BA09E84C /* Build configuration list for PBXNativeTarget "SudoLogging" */ = {
			isa = XCConfigurationList;
			buildConfigurations = (
				F7455834810A8120AA76D7B0187A26E6 /* Debug */,
				E96B865E83BA79A06E2845097D00D283 /* Release */,
			);
			defaultConfigurationIsVisible = 0;
			defaultConfigurationName = Release;
		};
		C81526C69EF155BA4101ADC9A35F0AD5 /* Build configuration list for PBXNativeTarget "SudoLoggingTests" */ = {
			isa = XCConfigurationList;
			buildConfigurations = (
				F3F5F332B7467D8A0E13EAB3B26B8233 /* Debug */,
				F83A1EA16174346FE4037BD3960B914A /* Release */,
			);
			defaultConfigurationIsVisible = 0;
			defaultConfigurationName = Release;
		};
		E583E68884F17D18205BE77002398158 /* Build configuration list for PBXProject "SudoLogging" */ = {
			isa = XCConfigurationList;
			buildConfigurations = (
				D2E12CA36F4E3BC9386EB664B205063A /* Debug */,
				3857AC4E9AEADDDE075717A96BA6F9DA /* Release */,
			);
			defaultConfigurationIsVisible = 0;
			defaultConfigurationName = Release;
		};
/* End XCConfigurationList section */
	};
	rootObject = B2E0C0259C923902ECB94455842D22A1 /* Project object */;
}
